
Microsoft Visual Studio Solution File, Format Version 12.00
# Visual Studio Version 17
VisualStudioVersion = 17.5.33424.131
MinimumVisualStudioVersion = 10.0.40219.1
Project("{FAE04EC0-301F-11D3-BF4B-00C04F79EFBC}") = "WebApplication2", "WebApplication2\WebApplication2.csproj", "{85EF7DFB-AF6B-45FD-8603-2AEC09C4122D}"
EndProject
Project("{FAE04EC0-301F-11D3-BF4B-00C04F79EFBC}") = "ClassLibrary1", "ClassLibrary1\ClassLibrary1.csproj", "{D7346211-EA89-44F3-ACCE-F38235B3628E}"
EndProject
Global
	GlobalSection(SolutionConfigurationPlatforms) = preSolution
		Debug|Any CPU = Debug|Any CPU
		Release|Any CPU = Release|Any CPU
	EndGlobalSection
	GlobalSection(ProjectConfigurationPlatforms) = postSolution
		{85EF7DFB-AF6B-45FD-8603-2AEC09C4122D}.Debug|Any CPU.ActiveCfg = Debug|Any CPU
		{85EF7DFB-AF6B-45FD-8603-2AEC09C4122D}.Debug|Any CPU.Build.0 = Debug|Any CPU
		{85EF7DFB-AF6B-45FD-8603-2AEC09C4122D}.Release|Any CPU.ActiveCfg = Release|Any CPU
		{85EF7DFB-AF6B-45FD-8603-2AEC09C4122D}.Release|Any CPU.Build.0 = Release|Any CPU
		{D7346211-EA89-44F3-ACCE-F38235B3628E}.Debug|Any CPU.ActiveCfg = Debug|Any CPU
		{D7346211-EA89-44F3-ACCE-F38235B3628E}.Debug|Any CPU.Build.0 = Debug|Any CPU
		{D7346211-EA89-44F3-ACCE-F38235B3628E}.Release|Any CPU.ActiveCfg = Release|Any CPU
		{D7346211-EA89-44F3-ACCE-F38235B3628E}.Release|Any CPU.Build.0 = Release|Any CPU
	EndGlobalSection
	GlobalSection(SolutionProperties) = preSolution
		HideSolutionNode = FALSE
	EndGlobalSection
	GlobalSection(ExtensibilityGlobals) = postSolution
		SolutionGuid = {8317F880-C24D-4C2E-9EED-86BFBD0A0305}
	EndGlobalSection
EndGlobal
